
Microsoft Visual Studio Solution File, Format Version 12.00
# Visual Studio Version 16
VisualStudioVersion = 16.0.30907.101
MinimumVisualStudioVersion = 10.0.40219.1
Project("{888888A0-9F3D-457C-B088-3A5042F75D52}") = "Контрольная работа по теме Циклы В. 3", "Контрольная работа по теме Циклы В. 3.pyproj", "{D8392E7F-5EEE-4F78-8961-78C1DEEA8306}"
EndProject
Global
	GlobalSection(SolutionConfigurationPlatforms) = preSolution
		Debug|Any CPU = Debug|Any CPU
		Release|Any CPU = Release|Any CPU
	EndGlobalSection
	GlobalSection(ProjectConfigurationPlatforms) = postSolution
		{D8392E7F-5EEE-4F78-8961-78C1DEEA8306}.Debug|Any CPU.ActiveCfg = Debug|Any CPU
		{D8392E7F-5EEE-4F78-8961-78C1DEEA8306}.Release|Any CPU.ActiveCfg = Release|Any CPU
	EndGlobalSection
	GlobalSection(SolutionProperties) = preSolution
		HideSolutionNode = FALSE
	EndGlobalSection
	GlobalSection(ExtensibilityGlobals) = postSolution
		SolutionGuid = {82348E59-EFFE-4974-B013-347B8964CB1A}
	EndGlobalSection
EndGlobal
